
Microsoft Visual Studio Solution File, Format Version 12.00
# Visual Studio Version 16
VisualStudioVersion = 16.0.30611.23
MinimumVisualStudioVersion = 10.0.40219.1
Project("{FAE04EC0-301F-11D3-BF4B-00C04F79EFBC}") = "SQLProjectAeroport", "SQLProjectAeroport.csproj", "{C60E8922-F6FB-40C3-BEC4-3D6A6755FD65}"
EndProject
Global
	GlobalSection(SolutionConfigurationPlatforms) = preSolution
		Debug|Any CPU = Debug|Any CPU
		Release|Any CPU = Release|Any CPU
	EndGlobalSection
	GlobalSection(ProjectConfigurationPlatforms) = postSolution
		{C60E8922-F6FB-40C3-BEC4-3D6A6755FD65}.Debug|Any CPU.ActiveCfg = Debug|Any CPU
		{C60E8922-F6FB-40C3-BEC4-3D6A6755FD65}.Debug|Any CPU.Build.0 = Debug|Any CPU
		{C60E8922-F6FB-40C3-BEC4-3D6A6755FD65}.Release|Any CPU.ActiveCfg = Release|Any CPU
		{C60E8922-F6FB-40C3-BEC4-3D6A6755FD65}.Release|Any CPU.Build.0 = Release|Any CPU
	EndGlobalSection
	GlobalSection(SolutionProperties) = preSolution
		HideSolutionNode = FALSE
	EndGlobalSection
	GlobalSection(ExtensibilityGlobals) = postSolution
		SolutionGuid = {7C38CDCD-CF2F-4B4D-9CF1-6EC8592B7B16}
	EndGlobalSection
EndGlobal
